
Microsoft Visual Studio Solution File, Format Version 12.00
# Visual Studio 2012
Project("{FAE04EC0-301F-11D3-BF4B-00C04F79EFBC}") = "NewsPresenter", "NewsPresenter\NewsPresenter.csproj", "{82D467DA-BB91-4153-9F4F-6BA13A67F342}"
EndProject
Project("{FAE04EC0-301F-11D3-BF4B-00C04F79EFBC}") = "NewsPresenter.Services", "NewsPresenter.Services\NewsPresenter.Services.csproj", "{019CE448-865F-47C3-BE06-FF589D181620}"
EndProject
Project("{FAE04EC0-301F-11D3-BF4B-00C04F79EFBC}") = "NewsPresenter.Persistence", "NewsPresenter.Persistence\NewsPresenter.Persistence.csproj", "{D03BF525-CE8F-46FF-98A8-AD3492F6342E}"
EndProject
Project("{FAE04EC0-301F-11D3-BF4B-00C04F79EFBC}") = "NewsPresenter.Common", "NewsPresenter.Common\NewsPresenter.Common.csproj", "{B4D2C590-49C2-40EA-8916-809D06C96A54}"
EndProject
Project("{2150E333-8FDC-42A3-9474-1A3956D46DE8}") = "Tests", "Tests", "{CD6D7B94-8182-46D8-B11E-5D3AE22E37D2}"
EndProject
Project("{FAE04EC0-301F-11D3-BF4B-00C04F79EFBC}") = "NewsPresenter.Tests.Services", "NewsPresenter.Tests.Services\NewsPresenter.Tests.Services.csproj", "{20B3210F-E351-41E9-96F9-55B7C8DF433F}"
EndProject
Project("{FAE04EC0-301F-11D3-BF4B-00C04F79EFBC}") = "NewsPresenter.UI", "NewsPresenter.UI\NewsPresenter.UI.csproj", "{A603F083-E9AF-484F-AD89-994DEE573511}"
EndProject
Global
	GlobalSection(SolutionConfigurationPlatforms) = preSolution
		Debug|Any CPU = Debug|Any CPU
		Release|Any CPU = Release|Any CPU
	EndGlobalSection
	GlobalSection(ProjectConfigurationPlatforms) = postSolution
		{82D467DA-BB91-4153-9F4F-6BA13A67F342}.Debug|Any CPU.ActiveCfg = Debug|Any CPU
		{82D467DA-BB91-4153-9F4F-6BA13A67F342}.Debug|Any CPU.Build.0 = Debug|Any CPU
		{82D467DA-BB91-4153-9F4F-6BA13A67F342}.Release|Any CPU.ActiveCfg = Release|Any CPU
		{82D467DA-BB91-4153-9F4F-6BA13A67F342}.Release|Any CPU.Build.0 = Release|Any CPU
		{019CE448-865F-47C3-BE06-FF589D181620}.Debug|Any CPU.ActiveCfg = Debug|Any CPU
		{019CE448-865F-47C3-BE06-FF589D181620}.Debug|Any CPU.Build.0 = Debug|Any CPU
		{019CE448-865F-47C3-BE06-FF589D181620}.Release|Any CPU.ActiveCfg = Release|Any CPU
		{019CE448-865F-47C3-BE06-FF589D181620}.Release|Any CPU.Build.0 = Release|Any CPU
		{D03BF525-CE8F-46FF-98A8-AD3492F6342E}.Debug|Any CPU.ActiveCfg = Debug|Any CPU
		{D03BF525-CE8F-46FF-98A8-AD3492F6342E}.Debug|Any CPU.Build.0 = Debug|Any CPU
		{D03BF525-CE8F-46FF-98A8-AD3492F6342E}.Release|Any CPU.ActiveCfg = Release|Any CPU
		{D03BF525-CE8F-46FF-98A8-AD3492F6342E}.Release|Any CPU.Build.0 = Release|Any CPU
		{B4D2C590-49C2-40EA-8916-809D06C96A54}.Debug|Any CPU.ActiveCfg = Debug|Any CPU
		{B4D2C590-49C2-40EA-8916-809D06C96A54}.Debug|Any CPU.Build.0 = Debug|Any CPU
		{B4D2C590-49C2-40EA-8916-809D06C96A54}.Release|Any CPU.ActiveCfg = Release|Any CPU
		{B4D2C590-49C2-40EA-8916-809D06C96A54}.Release|Any CPU.Build.0 = Release|Any CPU
		{20B3210F-E351-41E9-96F9-55B7C8DF433F}.Debug|Any CPU.ActiveCfg = Debug|Any CPU
		{20B3210F-E351-41E9-96F9-55B7C8DF433F}.Debug|Any CPU.Build.0 = Debug|Any CPU
		{20B3210F-E351-41E9-96F9-55B7C8DF433F}.Release|Any CPU.ActiveCfg = Release|Any CPU
		{20B3210F-E351-41E9-96F9-55B7C8DF433F}.Release|Any CPU.Build.0 = Release|Any CPU
		{A603F083-E9AF-484F-AD89-994DEE573511}.Debug|Any CPU.ActiveCfg = Debug|Any CPU
		{A603F083-E9AF-484F-AD89-994DEE573511}.Debug|Any CPU.Build.0 = Debug|Any CPU
		{A603F083-E9AF-484F-AD89-994DEE573511}.Release|Any CPU.ActiveCfg = Release|Any CPU
		{A603F083-E9AF-484F-AD89-994DEE573511}.Release|Any CPU.Build.0 = Release|Any CPU
	EndGlobalSection
	GlobalSection(SolutionProperties) = preSolution
		HideSolutionNode = FALSE
	EndGlobalSection
	GlobalSection(NestedProjects) = preSolution
		{20B3210F-E351-41E9-96F9-55B7C8DF433F} = {CD6D7B94-8182-46D8-B11E-5D3AE22E37D2}
	EndGlobalSection
EndGlobal
